
Microsoft Visual Studio Solution File, Format Version 12.00
# Visual Studio 15
VisualStudioVersion = 15.0.28307.168
MinimumVisualStudioVersion = 10.0.40219.1
Project("{8BC9CEB8-8B4A-11D0-8D11-00A0C91BC942}") = "Files", "Files\Files.vcxproj", "{052B7E67-B3CE-4EF2-8B8D-E947E60295EA}"
EndProject
Global
	GlobalSection(SolutionConfigurationPlatforms) = preSolution
		Debug|x64 = Debug|x64
		Debug|x86 = Debug|x86
		Release|x64 = Release|x64
		Release|x86 = Release|x86
	EndGlobalSection
	GlobalSection(ProjectConfigurationPlatforms) = postSolution
		{052B7E67-B3CE-4EF2-8B8D-E947E60295EA}.Debug|x64.ActiveCfg = Debug|x64
		{052B7E67-B3CE-4EF2-8B8D-E947E60295EA}.Debug|x64.Build.0 = Debug|x64
		{052B7E67-B3CE-4EF2-8B8D-E947E60295EA}.Debug|x86.ActiveCfg = Debug|Win32
		{052B7E67-B3CE-4EF2-8B8D-E947E60295EA}.Debug|x86.Build.0 = Debug|Win32
		{052B7E67-B3CE-4EF2-8B8D-E947E60295EA}.Release|x64.ActiveCfg = Release|x64
		{052B7E67-B3CE-4EF2-8B8D-E947E60295EA}.Release|x64.Build.0 = Release|x64
		{052B7E67-B3CE-4EF2-8B8D-E947E60295EA}.Release|x86.ActiveCfg = Release|Win32
		{052B7E67-B3CE-4EF2-8B8D-E947E60295EA}.Release|x86.Build.0 = Release|Win32
	EndGlobalSection
	GlobalSection(SolutionProperties) = preSolution
		HideSolutionNode = FALSE
	EndGlobalSection
	GlobalSection(ExtensibilityGlobals) = postSolution
		SolutionGuid = {042B247F-3930-4A3A-84DD-05E954AFD189}
	EndGlobalSection
EndGlobal
